
Microsoft Visual Studio Solution File, Format Version 12.00
# Visual Studio Version 16
VisualStudioVersion = 16.0.29102.190
MinimumVisualStudioVersion = 10.0.40219.1
Project("{9A19103F-16F7-4668-BE54-9A1E7A4F7556}") = "MetadataExtractor.MediaLibraryProcessor", "MetadataExtractor.MediaLibraryProcessor\MetadataExtractor.MediaLibraryProcessor.csproj", "{6C398A1F-DCBF-4407-A67E-F5EEFFA5CFE9}"
EndProject
Project("{9A19103F-16F7-4668-BE54-9A1E7A4F7556}") = "MetadataExtractor", "..\..\..\metadata-extractor-dotnet\MetadataExtractor\MetadataExtractor.csproj", "{544D0916-1AC8-4EDB-93A3-213D970B7BAB}"
EndProject
Global
	GlobalSection(SolutionConfigurationPlatforms) = preSolution
		Debug|Any CPU = Debug|Any CPU
		Release|Any CPU = Release|Any CPU
	EndGlobalSection
	GlobalSection(ProjectConfigurationPlatforms) = postSolution
		{6C398A1F-DCBF-4407-A67E-F5EEFFA5CFE9}.Debug|Any CPU.ActiveCfg = Debug|Any CPU
		{6C398A1F-DCBF-4407-A67E-F5EEFFA5CFE9}.Debug|Any CPU.Build.0 = Debug|Any CPU
		{6C398A1F-DCBF-4407-A67E-F5EEFFA5CFE9}.Release|Any CPU.ActiveCfg = Release|Any CPU
		{6C398A1F-DCBF-4407-A67E-F5EEFFA5CFE9}.Release|Any CPU.Build.0 = Release|Any CPU
		{544D0916-1AC8-4EDB-93A3-213D970B7BAB}.Debug|Any CPU.ActiveCfg = Debug|Any CPU
		{544D0916-1AC8-4EDB-93A3-213D970B7BAB}.Debug|Any CPU.Build.0 = Debug|Any CPU
		{544D0916-1AC8-4EDB-93A3-213D970B7BAB}.Release|Any CPU.ActiveCfg = Release|Any CPU
		{544D0916-1AC8-4EDB-93A3-213D970B7BAB}.Release|Any CPU.Build.0 = Release|Any CPU
	EndGlobalSection
	GlobalSection(SolutionProperties) = preSolution
		HideSolutionNode = FALSE
	EndGlobalSection
	GlobalSection(ExtensibilityGlobals) = postSolution
		SolutionGuid = {18E7AFFC-3B28-4303-B00D-DF2B8512112C}
	EndGlobalSection
EndGlobal
